
Microsoft Visual Studio Solution File, Format Version 12.00
# Visual Studio Version 18
VisualStudioVersion = 18.0.11205.157 d18.0
MinimumVisualStudioVersion = 10.0.40219.1
Project("{FAE04EC0-301F-11D3-BF4B-00C04F79EFBC}") = "KrgWebAPI", "KrgWebAPI\KrgWebAPI.csproj", "{E730D944-5C47-42B1-B773-1C0642F49A3C}"
EndProject
Project("{FAE04EC0-301F-11D3-BF4B-00C04F79EFBC}") = "DBLayer", "DBLayer\DBLayer.csproj", "{9C0D69FB-AF25-40A2-8EE0-E3E27D555965}"
EndProject
Project("{FAE04EC0-301F-11D3-BF4B-00C04F79EFBC}") = "UtilityLayer", "UtilityLayer\UtilityLayer.csproj", "{490F3B21-DDFF-40E2-BC9B-C85EBC0BCFB8}"
EndProject
Project("{FAE04EC0-301F-11D3-BF4B-00C04F79EFBC}") = "KrgRedisStockUpdater", "KrgRedisStockUpdater\KrgRedisStockUpdater.csproj", "{999DFE78-AB97-4E50-B224-AD5DE68D21DA}"
EndProject
Global
	GlobalSection(SolutionConfigurationPlatforms) = preSolution
		Debug|Any CPU = Debug|Any CPU
		Release|Any CPU = Release|Any CPU
	EndGlobalSection
	GlobalSection(ProjectConfigurationPlatforms) = postSolution
		{E730D944-5C47-42B1-B773-1C0642F49A3C}.Debug|Any CPU.ActiveCfg = Debug|Any CPU
		{E730D944-5C47-42B1-B773-1C0642F49A3C}.Debug|Any CPU.Build.0 = Debug|Any CPU
		{E730D944-5C47-42B1-B773-1C0642F49A3C}.Release|Any CPU.ActiveCfg = Release|Any CPU
		{E730D944-5C47-42B1-B773-1C0642F49A3C}.Release|Any CPU.Build.0 = Release|Any CPU
		{9C0D69FB-AF25-40A2-8EE0-E3E27D555965}.Debug|Any CPU.ActiveCfg = Debug|Any CPU
		{9C0D69FB-AF25-40A2-8EE0-E3E27D555965}.Debug|Any CPU.Build.0 = Debug|Any CPU
		{9C0D69FB-AF25-40A2-8EE0-E3E27D555965}.Release|Any CPU.ActiveCfg = Release|Any CPU
		{9C0D69FB-AF25-40A2-8EE0-E3E27D555965}.Release|Any CPU.Build.0 = Release|Any CPU
		{490F3B21-DDFF-40E2-BC9B-C85EBC0BCFB8}.Debug|Any CPU.ActiveCfg = Debug|Any CPU
		{490F3B21-DDFF-40E2-BC9B-C85EBC0BCFB8}.Debug|Any CPU.Build.0 = Debug|Any CPU
		{490F3B21-DDFF-40E2-BC9B-C85EBC0BCFB8}.Release|Any CPU.ActiveCfg = Release|Any CPU
		{490F3B21-DDFF-40E2-BC9B-C85EBC0BCFB8}.Release|Any CPU.Build.0 = Release|Any CPU
		{999DFE78-AB97-4E50-B224-AD5DE68D21DA}.Debug|Any CPU.ActiveCfg = Debug|Any CPU
		{999DFE78-AB97-4E50-B224-AD5DE68D21DA}.Debug|Any CPU.Build.0 = Debug|Any CPU
		{999DFE78-AB97-4E50-B224-AD5DE68D21DA}.Release|Any CPU.ActiveCfg = Release|Any CPU
		{999DFE78-AB97-4E50-B224-AD5DE68D21DA}.Release|Any CPU.Build.0 = Release|Any CPU
	EndGlobalSection
	GlobalSection(SolutionProperties) = preSolution
		HideSolutionNode = FALSE
	EndGlobalSection
	GlobalSection(ExtensibilityGlobals) = postSolution
		SolutionGuid = {1FFDC767-EC66-4258-8355-4D52E5919DA8}
	EndGlobalSection
EndGlobal
